// !$*UTF8*$!
{
	archiveVersion = 1;
	classes = {
	};
	objectVersion = 50;
	objects = {

/* Begin PBXBuildFile section */
		1016207020A47C55001BE2F3 /* AccountListVC.swift in Sources */ = {isa = PBXBuildFile; fileRef = 1016206F20A47C55001BE2F3 /* AccountListVC.swift */; };
		103CFFEA20AF0540004F753C /* AccountCell.swift in Sources */ = {isa = PBXBuildFile; fileRef = 103CFFE920AF0540004F753C /* AccountCell.swift */; };
		103CFFED20AF092F004F753C /* DoubleExtension.swift in Sources */ = {isa = PBXBuildFile; fileRef = 103CFFEC20AF092F004F753C /* DoubleExtension.swift */; };
		103CFFEF20AF09D2004F753C /* Money.swift in Sources */ = {isa = PBXBuildFile; fileRef = 103CFFEE20AF09D2004F753C /* Money.swift */; };
		103CFFF120AF0B38004F753C /* TransactionCell.swift in Sources */ = {isa = PBXBuildFile; fileRef = 103CFFF020AF0B38004F753C /* TransactionCell.swift */; };
		1041B68B20A3DFBA0072C423 /* Account.swift in Sources */ = {isa = PBXBuildFile; fileRef = 1041B68A20A3DFBA0072C423 /* Account.swift */; };
		1041B68D20A3DFCA0072C423 /* Transaction.swift in Sources */ = {isa = PBXBuildFile; fileRef = 1041B68C20A3DFCA0072C423 /* Transaction.swift */; };
		107676A0208BFB3600949B28 /* CreateAccountVC.swift in Sources */ = {isa = PBXBuildFile; fileRef = 1076769F208BFB3600949B28 /* CreateAccountVC.swift */; };
		10A44E4D20A876A800029725 /* EditTransactionVC.swift in Sources */ = {isa = PBXBuildFile; fileRef = 10A44E4C20A876A800029725 /* EditTransactionVC.swift */; };
		10C86EEF20A325A10045FF4D /* GoogleService-Info.plist in Resources */ = {isa = PBXBuildFile; fileRef = 10C86EEE20A325A10045FF4D /* GoogleService-Info.plist */; };
		10C8A1AB20A5C06B002FFCCF /* AccountVC.swift in Sources */ = {isa = PBXBuildFile; fileRef = 10C8A1AA20A5C06B002FFCCF /* AccountVC.swift */; };
		10FC1A46208958C700BEBAD6 /* AppDelegate.swift in Sources */ = {isa = PBXBuildFile; fileRef = 10FC1A45208958C700BEBAD6 /* AppDelegate.swift */; };
		10FC1A4B208958C700BEBAD6 /* Main.storyboard in Resources */ = {isa = PBXBuildFile; fileRef = 10FC1A49208958C700BEBAD6 /* Main.storyboard */; };
		10FC1A50208958C900BEBAD6 /* Assets.xcassets in Resources */ = {isa = PBXBuildFile; fileRef = 10FC1A4F208958C900BEBAD6 /* Assets.xcassets */; };
		10FC1A53208958C900BEBAD6 /* LaunchScreen.storyboard in Resources */ = {isa = PBXBuildFile; fileRef = 10FC1A51208958C900BEBAD6 /* LaunchScreen.storyboard */; };
		10FC1A5E208958C900BEBAD6 /* Balancing_ActTests.swift in Sources */ = {isa = PBXBuildFile; fileRef = 10FC1A5D208958C900BEBAD6 /* Balancing_ActTests.swift */; };
		10FC1A752089630300BEBAD6 /* Store.swift in Sources */ = {isa = PBXBuildFile; fileRef = 10FC1A742089630300BEBAD6 /* Store.swift */; };
		10FC1A762089630300BEBAD6 /* Store.swift in Sources */ = {isa = PBXBuildFile; fileRef = 10FC1A742089630300BEBAD6 /* Store.swift */; };
		7A01071220339FD438E3F99B /* Pods_Balancing_Act.framework in Frameworks */ = {isa = PBXBuildFile; fileRef = F853E715D00C65F30FBFDCD7 /* Pods_Balancing_Act.framework */; };
		D85C29109D2FD8352E53BBB2 /* Pods_Balancing_ActTests.framework in Frameworks */ = {isa = PBXBuildFile; fileRef = D6FD16C43E49E7C771036F5C /* Pods_Balancing_ActTests.framework */; };
/* End PBXBuildFile section */

/* Begin PBXContainerItemProxy section */
		10FC1A5A208958C900BEBAD6 /* PBXContainerItemProxy */ = {
			isa = PBXContainerItemProxy;
			containerPortal = 10FC1A3A208958C700BEBAD6 /* Project object */;
			proxyType = 1;
			remoteGlobalIDString = 10FC1A41208958C700BEBAD6;
			remoteInfo = "Balancing Act";
		};
/* End PBXContainerItemProxy section */

/* Begin PBXFileReference section */
		1016206F20A47C55001BE2F3 /* AccountListVC.swift */ = {isa = PBXFileReference; lastKnownFileType = sourcecode.swift; path = AccountListVC.swift; sourceTree = "<group>"; };
		103CFFE920AF0540004F753C /* AccountCell.swift */ = {isa = PBXFileReference; lastKnownFileType = sourcecode.swift; path = AccountCell.swift; sourceTree = "<group>"; };
		103CFFEC20AF092F004F753C /* DoubleExtension.swift */ = {isa = PBXFileReference; lastKnownFileType = sourcecode.swift; path = DoubleExtension.swift; sourceTree = "<group>"; };
		103CFFEE20AF09D2004F753C /* Money.swift */ = {isa = PBXFileReference; lastKnownFileType = sourcecode.swift; path = Money.swift; sourceTree = "<group>"; };
		103CFFF020AF0B38004F753C /* TransactionCell.swift */ = {isa = PBXFileReference; lastKnownFileType = sourcecode.swift; path = TransactionCell.swift; sourceTree = "<group>"; };
		1041B68A20A3DFBA0072C423 /* Account.swift */ = {isa = PBXFileReference; lastKnownFileType = sourcecode.swift; path = Account.swift; sourceTree = "<group>"; };
		1041B68C20A3DFCA0072C423 /* Transaction.swift */ = {isa = PBXFileReference; lastKnownFileType = sourcecode.swift; path = Transaction.swift; sourceTree = "<group>"; };
		1076769F208BFB3600949B28 /* CreateAccountVC.swift */ = {isa = PBXFileReference; lastKnownFileType = sourcecode.swift; path = CreateAccountVC.swift; sourceTree = "<group>"; };
		10A44E4C20A876A800029725 /* EditTransactionVC.swift */ = {isa = PBXFileReference; lastKnownFileType = sourcecode.swift; path = EditTransactionVC.swift; sourceTree = "<group>"; };
		10C86EEE20A325A10045FF4D /* GoogleService-Info.plist */ = {isa = PBXFileReference; fileEncoding = 4; lastKnownFileType = text.plist.xml; path = "GoogleService-Info.plist"; sourceTree = SOURCE_ROOT; };
		10C8A1AA20A5C06B002FFCCF /* AccountVC.swift */ = {isa = PBXFileReference; lastKnownFileType = sourcecode.swift; path = AccountVC.swift; sourceTree = "<group>"; };
		10FC1A42208958C700BEBAD6 /* Balancing Act.app */ = {isa = PBXFileReference; explicitFileType = wrapper.application; includeInIndex = 0; path = "Balancing Act.app"; sourceTree = BUILT_PRODUCTS_DIR; };
		10FC1A45208958C700BEBAD6 /* AppDelegate.swift */ = {isa = PBXFileReference; lastKnownFileType = sourcecode.swift; path = AppDelegate.swift; sourceTree = "<group>"; };
		10FC1A4A208958C700BEBAD6 /* Base */ = {isa = PBXFileReference; lastKnownFileType = file.storyboard; name = Base; path = Base.lproj/Main.storyboard; sourceTree = "<group>"; };
		10FC1A4F208958C900BEBAD6 /* Assets.xcassets */ = {isa = PBXFileReference; lastKnownFileType = folder.assetcatalog; path = Assets.xcassets; sourceTree = "<group>"; };
		10FC1A52208958C900BEBAD6 /* Base */ = {isa = PBXFileReference; lastKnownFileType = file.storyboard; name = Base; path = Base.lproj/LaunchScreen.storyboard; sourceTree = "<group>"; };
		10FC1A54208958C900BEBAD6 /* Info.plist */ = {isa = PBXFileReference; lastKnownFileType = text.plist.xml; path = Info.plist; sourceTree = "<group>"; };
		10FC1A59208958C900BEBAD6 /* Balancing ActTests.xctest */ = {isa = PBXFileReference; explicitFileType = wrapper.cfbundle; includeInIndex = 0; path = "Balancing ActTests.xctest"; sourceTree = BUILT_PRODUCTS_DIR; };
		10FC1A5D208958C900BEBAD6 /* Balancing_ActTests.swift */ = {isa = PBXFileReference; lastKnownFileType = sourcecode.swift; path = Balancing_ActTests.swift; sourceTree = "<group>"; };
		10FC1A5F208958C900BEBAD6 /* Info.plist */ = {isa = PBXFileReference; lastKnownFileType = text.plist.xml; path = Info.plist; sourceTree = "<group>"; };
		10FC1A742089630300BEBAD6 /* Store.swift */ = {isa = PBXFileReference; lastKnownFileType = sourcecode.swift; path = Store.swift; sourceTree = "<group>"; };
		326244584C54DD56378FA9DA /* Pods-Balancing Act.debug.xcconfig */ = {isa = PBXFileReference; includeInIndex = 1; lastKnownFileType = text.xcconfig; name = "Pods-Balancing Act.debug.xcconfig"; path = "Pods/Target Support Files/Pods-Balancing Act/Pods-Balancing Act.debug.xcconfig"; sourceTree = "<group>"; };
		3BE70A85257582DD88C234CC /* Pods-Balancing ActTests.release.xcconfig */ = {isa = PBXFileReference; includeInIndex = 1; lastKnownFileType = text.xcconfig; name = "Pods-Balancing ActTests.release.xcconfig"; path = "Pods/Target Support Files/Pods-Balancing ActTests/Pods-Balancing ActTests.release.xcconfig"; sourceTree = "<group>"; };
		4B037BD236073D15D353D43B /* Pods-Balancing ActTests.debug.xcconfig */ = {isa = PBXFileReference; includeInIndex = 1; lastKnownFileType = text.xcconfig; name = "Pods-Balancing ActTests.debug.xcconfig"; path = "Pods/Target Support Files/Pods-Balancing ActTests/Pods-Balancing ActTests.debug.xcconfig"; sourceTree = "<group>"; };
		ADB70AB47021AB67B9491350 /* Pods-Balancing Act.release.xcconfig */ = {isa = PBXFileReference; includeInIndex = 1; lastKnownFileType = text.xcconfig; name = "Pods-Balancing Act.release.xcconfig"; path = "Pods/Target Support Files/Pods-Balancing Act/Pods-Balancing Act.release.xcconfig"; sourceTree = "<group>"; };
		D6FD16C43E49E7C771036F5C /* Pods_Balancing_ActTests.framework */ = {isa = PBXFileReference; explicitFileType = wrapper.framework; includeInIndex = 0; path = Pods_Balancing_ActTests.framework; sourceTree = BUILT_PRODUCTS_DIR; };
		F853E715D00C65F30FBFDCD7 /* Pods_Balancing_Act.framework */ = {isa = PBXFileReference; explicitFileType = wrapper.framework; includeInIndex = 0; path = Pods_Balancing_Act.framework; sourceTree = BUILT_PRODUCTS_DIR; };
/* End PBXFileReference section */

/* Begin PBXFrameworksBuildPhase section */
		10FC1A3F208958C700BEBAD6 /* Frameworks */ = {
			isa = PBXFrameworksBuildPhase;
			buildActionMask = 2147483647;
			files = (
				7A01071220339FD438E3F99B /* Pods_Balancing_Act.framework in Frameworks */,
			);
			runOnlyForDeploymentPostprocessing = 0;
		};
		10FC1A56208958C900BEBAD6 /* Frameworks */ = {
			isa = PBXFrameworksBuildPhase;
			buildActionMask = 2147483647;
			files = (
				D85C29109D2FD8352E53BBB2 /* Pods_Balancing_ActTests.framework in Frameworks */,
			);
			runOnlyForDeploymentPostprocessing = 0;
		};
/* End PBXFrameworksBuildPhase section */

/* Begin PBXGroup section */
		103CFFEB20AF091C004F753C /* Util */ = {
			isa = PBXGroup;
			children = (
				103CFFEC20AF092F004F753C /* DoubleExtension.swift */,
				103CFFEE20AF09D2004F753C /* Money.swift */,
			);
			path = Util;
			sourceTree = "<group>";
		};
		10FC1A39208958C700BEBAD6 = {
			isa = PBXGroup;
			children = (
				10FC1A44208958C700BEBAD6 /* Balancing Act */,
				10FC1A5C208958C900BEBAD6 /* Balancing ActTests */,
				10FC1A43208958C700BEBAD6 /* Products */,
				46EA12B9E5E0052DA24CBF2A /* Pods */,
				E98588C723242C2B3E802FD4 /* Frameworks */,
			);
			sourceTree = "<group>";
		};
		10FC1A43208958C700BEBAD6 /* Products */ = {
			isa = PBXGroup;
			children = (
				10FC1A42208958C700BEBAD6 /* Balancing Act.app */,
				10FC1A59208958C900BEBAD6 /* Balancing ActTests.xctest */,
			);
			name = Products;
			sourceTree = "<group>";
		};
		10FC1A44208958C700BEBAD6 /* Balancing Act */ = {
			isa = PBXGroup;
			children = (
				103CFFEB20AF091C004F753C /* Util */,
				10FC1A6A208958E000BEBAD6 /* Model */,
				10FC1A69208958D700BEBAD6 /* View */,
				10FC1A68208958D100BEBAD6 /* Controller */,
				10FC1A45208958C700BEBAD6 /* AppDelegate.swift */,
				10FC1A49208958C700BEBAD6 /* Main.storyboard */,
				10FC1A4F208958C900BEBAD6 /* Assets.xcassets */,
				10FC1A51208958C900BEBAD6 /* LaunchScreen.storyboard */,
				10FC1A54208958C900BEBAD6 /* Info.plist */,
				10C86EEE20A325A10045FF4D /* GoogleService-Info.plist */,
			);
			path = "Balancing Act";
			sourceTree = "<group>";
		};
		10FC1A5C208958C900BEBAD6 /* Balancing ActTests */ = {
			isa = PBXGroup;
			children = (
				10FC1A5D208958C900BEBAD6 /* Balancing_ActTests.swift */,
				10FC1A5F208958C900BEBAD6 /* Info.plist */,
			);
			path = "Balancing ActTests";
			sourceTree = "<group>";
		};
		10FC1A68208958D100BEBAD6 /* Controller */ = {
			isa = PBXGroup;
			children = (
				1076769F208BFB3600949B28 /* CreateAccountVC.swift */,
				1016206F20A47C55001BE2F3 /* AccountListVC.swift */,
				10C8A1AA20A5C06B002FFCCF /* AccountVC.swift */,
				10A44E4C20A876A800029725 /* EditTransactionVC.swift */,
			);
			path = Controller;
			sourceTree = "<group>";
		};
		10FC1A69208958D700BEBAD6 /* View */ = {
			isa = PBXGroup;
			children = (
				103CFFE920AF0540004F753C /* AccountCell.swift */,
				103CFFF020AF0B38004F753C /* TransactionCell.swift */,
			);
			path = View;
			sourceTree = "<group>";
		};
		10FC1A6A208958E000BEBAD6 /* Model */ = {
			isa = PBXGroup;
			children = (
				10FC1A742089630300BEBAD6 /* Store.swift */,
				1041B68A20A3DFBA0072C423 /* Account.swift */,
				1041B68C20A3DFCA0072C423 /* Transaction.swift */,
			);
			path = Model;
			sourceTree = "<group>";
		};
		46EA12B9E5E0052DA24CBF2A /* Pods */ = {
			isa = PBXGroup;
			children = (
				326244584C54DD56378FA9DA /* Pods-Balancing Act.debug.xcconfig */,
				ADB70AB47021AB67B9491350 /* Pods-Balancing Act.release.xcconfig */,
				4B037BD236073D15D353D43B /* Pods-Balancing ActTests.debug.xcconfig */,
				3BE70A85257582DD88C234CC /* Pods-Balancing ActTests.release.xcconfig */,
			);
			name = Pods;
			sourceTree = "<group>";
		};
		E98588C723242C2B3E802FD4 /* Frameworks */ = {
			isa = PBXGroup;
			children = (
				F853E715D00C65F30FBFDCD7 /* Pods_Balancing_Act.framework */,
				D6FD16C43E49E7C771036F5C /* Pods_Balancing_ActTests.framework */,
			);
			name = Frameworks;
			sourceTree = "<group>";
		};
/* End PBXGroup section */

/* Begin PBXNativeTarget section */
		10FC1A41208958C700BEBAD6 /* Balancing Act */ = {
			isa = PBXNativeTarget;
			buildConfigurationList = 10FC1A62208958C900BEBAD6 /* Build configuration list for PBXNativeTarget "Balancing Act" */;
			buildPhases = (
				F9654945ABFCAD8F5DBEA398 /* [CP] Check Pods Manifest.lock */,
				10FC1A3E208958C700BEBAD6 /* Sources */,
				10FC1A3F208958C700BEBAD6 /* Frameworks */,
				10FC1A40208958C700BEBAD6 /* Resources */,
				262F4D14E8F9A54C173A4A96 /* [CP] Embed Pods Frameworks */,
				0C4E67EB90C93B162510C50C /* [CP] Copy Pods Resources */,
			);
			buildRules = (
			);
			dependencies = (
			);
			name = "Balancing Act";
			productName = "Balancing Act";
			productReference = 10FC1A42208958C700BEBAD6 /* Balancing Act.app */;
			productType = "com.apple.product-type.application";
		};
		10FC1A58208958C900BEBAD6 /* Balancing ActTests */ = {
			isa = PBXNativeTarget;
			buildConfigurationList = 10FC1A65208958C900BEBAD6 /* Build configuration list for PBXNativeTarget "Balancing ActTests" */;
			buildPhases = (
				6EA72B2111559CBCA93A2561 /* [CP] Check Pods Manifest.lock */,
				10FC1A55208958C900BEBAD6 /* Sources */,
				10FC1A56208958C900BEBAD6 /* Frameworks */,
				10FC1A57208958C900BEBAD6 /* Resources */,
			);
			buildRules = (
			);
			dependencies = (
				10FC1A5B208958C900BEBAD6 /* PBXTargetDependency */,
			);
			name = "Balancing ActTests";
			productName = "Balancing ActTests";
			productReference = 10FC1A59208958C900BEBAD6 /* Balancing ActTests.xctest */;
			productType = "com.apple.product-type.bundle.unit-test";
		};
/* End PBXNativeTarget section */

/* Begin PBXProject section */
		10FC1A3A208958C700BEBAD6 /* Project object */ = {
			isa = PBXProject;
			attributes = {
				LastSwiftUpdateCheck = 0930;
				LastUpgradeCheck = 0930;
				ORGANIZATIONNAME = "Drew Lanning";
				TargetAttributes = {
					10FC1A41208958C700BEBAD6 = {
						CreatedOnToolsVersion = 9.3;
					};
					10FC1A58208958C900BEBAD6 = {
						CreatedOnToolsVersion = 9.3;
						TestTargetID = 10FC1A41208958C700BEBAD6;
					};
				};
			};
			buildConfigurationList = 10FC1A3D208958C700BEBAD6 /* Build configuration list for PBXProject "Balancing Act" */;
			compatibilityVersion = "Xcode 9.3";
			developmentRegion = en;
			hasScannedForEncodings = 0;
			knownRegions = (
				en,
				Base,
			);
			mainGroup = 10FC1A39208958C700BEBAD6;
			productRefGroup = 10FC1A43208958C700BEBAD6 /* Products */;
			projectDirPath = "";
			projectRoot = "";
			targets = (
				10FC1A41208958C700BEBAD6 /* Balancing Act */,
				10FC1A58208958C900BEBAD6 /* Balancing ActTests */,
			);
		};
/* End PBXProject section */

/* Begin PBXResourcesBuildPhase section */
		10FC1A40208958C700BEBAD6 /* Resources */ = {
			isa = PBXResourcesBuildPhase;
			buildActionMask = 2147483647;
			files = (
				10FC1A53208958C900BEBAD6 /* LaunchScreen.storyboard in Resources */,
				10C86EEF20A325A10045FF4D /* GoogleService-Info.plist in Resources */,
				10FC1A50208958C900BEBAD6 /* Assets.xcassets in Resources */,
				10FC1A4B208958C700BEBAD6 /* Main.storyboard in Resources */,
			);
			runOnlyForDeploymentPostprocessing = 0;
		};
		10FC1A57208958C900BEBAD6 /* Resources */ = {
			isa = PBXResourcesBuildPhase;
			buildActionMask = 2147483647;
			files = (
			);
			runOnlyForDeploymentPostprocessing = 0;
		};
/* End PBXResourcesBuildPhase section */

/* Begin PBXShellScriptBuildPhase section */
		0C4E67EB90C93B162510C50C /* [CP] Copy Pods Resources */ = {
			isa = PBXShellScriptBuildPhase;
			buildActionMask = 2147483647;
			files = (
			);
			inputPaths = (
				"${SRCROOT}/Pods/Target Support Files/Pods-Balancing Act/Pods-Balancing Act-resources.sh",
				"${PODS_CONFIGURATION_BUILD_DIR}/FirebaseUI/FirebaseAuthUI.bundle",
				"${PODS_CONFIGURATION_BUILD_DIR}/FirebaseUI/FirebaseGoogleAuthUI.bundle",
				"${PODS_ROOT}/GoogleSignIn/Resources/GoogleSignIn.bundle",
			);
			name = "[CP] Copy Pods Resources";
			outputPaths = (
				"${TARGET_BUILD_DIR}/${UNLOCALIZED_RESOURCES_FOLDER_PATH}/FirebaseAuthUI.bundle",
				"${TARGET_BUILD_DIR}/${UNLOCALIZED_RESOURCES_FOLDER_PATH}/FirebaseGoogleAuthUI.bundle",
				"${TARGET_BUILD_DIR}/${UNLOCALIZED_RESOURCES_FOLDER_PATH}/GoogleSignIn.bundle",
			);
			runOnlyForDeploymentPostprocessing = 0;
			shellPath = /bin/sh;
			shellScript = "\"${SRCROOT}/Pods/Target Support Files/Pods-Balancing Act/Pods-Balancing Act-resources.sh\"\n";
			showEnvVarsInLog = 0;
		};
		262F4D14E8F9A54C173A4A96 /* [CP] Embed Pods Frameworks */ = {
			isa = PBXShellScriptBuildPhase;
			buildActionMask = 2147483647;
			files = (
			);
			inputPaths = (
				"${SRCROOT}/Pods/Target Support Files/Pods-Balancing Act/Pods-Balancing Act-frameworks.sh",
				"${BUILT_PRODUCTS_DIR}/GTMOAuth2/GTMOAuth2.framework",
				"${BUILT_PRODUCTS_DIR}/GTMSessionFetcher/GTMSessionFetcher.framework",
				"${BUILT_PRODUCTS_DIR}/GoogleToolboxForMac/GoogleToolboxForMac.framework",
				"${BUILT_PRODUCTS_DIR}/leveldb-library/leveldb.framework",
				"${BUILT_PRODUCTS_DIR}/nanopb/nanopb.framework",
			);
			name = "[CP] Embed Pods Frameworks";
			outputPaths = (
				"${TARGET_BUILD_DIR}/${FRAMEWORKS_FOLDER_PATH}/GTMOAuth2.framework",
				"${TARGET_BUILD_DIR}/${FRAMEWORKS_FOLDER_PATH}/GTMSessionFetcher.framework",
				"${TARGET_BUILD_DIR}/${FRAMEWORKS_FOLDER_PATH}/GoogleToolboxForMac.framework",
				"${TARGET_BUILD_DIR}/${FRAMEWORKS_FOLDER_PATH}/leveldb.framework",
				"${TARGET_BUILD_DIR}/${FRAMEWORKS_FOLDER_PATH}/nanopb.framework",
			);
			runOnlyForDeploymentPostprocessing = 0;
			shellPath = /bin/sh;
			shellScript = "\"${SRCROOT}/Pods/Target Support Files/Pods-Balancing Act/Pods-Balancing Act-frameworks.sh\"\n";
			showEnvVarsInLog = 0;
		};
		6EA72B2111559CBCA93A2561 /* [CP] Check Pods Manifest.lock */ = {
			isa = PBXShellScriptBuildPhase;
			buildActionMask = 2147483647;
			files = (
			);
			inputPaths = (
				"${PODS_PODFILE_DIR_PATH}/Podfile.lock",
				"${PODS_ROOT}/Manifest.lock",
			);
			name = "[CP] Check Pods Manifest.lock";
			outputPaths = (
				"$(DERIVED_FILE_DIR)/Pods-Balancing ActTests-checkManifestLockResult.txt",
			);
			runOnlyForDeploymentPostprocessing = 0;
			shellPath = /bin/sh;
			shellScript = "diff \"${PODS_PODFILE_DIR_PATH}/Podfile.lock\" \"${PODS_ROOT}/Manifest.lock\" > /dev/null\nif [ $? != 0 ] ; then\n    # print error to STDERR\n    echo \"error: The sandbox is not in sync with the Podfile.lock. Run 'pod install' or update your CocoaPods installation.\" >&2\n    exit 1\nfi\n# This output is used by Xcode 'outputs' to avoid re-running this script phase.\necho \"SUCCESS\" > \"${SCRIPT_OUTPUT_FILE_0}\"\n";
			showEnvVarsInLog = 0;
		};
		F9654945ABFCAD8F5DBEA398 /* [CP] Check Pods Manifest.lock */ = {
			isa = PBXShellScriptBuildPhase;
			buildActionMask = 2147483647;
			files = (
			);
			inputPaths = (
				"${PODS_PODFILE_DIR_PATH}/Podfile.lock",
				"${PODS_ROOT}/Manifest.lock",
			);
			name = "[CP] Check Pods Manifest.lock";
			outputPaths = (
				"$(DERIVED_FILE_DIR)/Pods-Balancing Act-checkManifestLockResult.txt",
			);
			runOnlyForDeploymentPostprocessing = 0;
			shellPath = /bin/sh;
			shellScript = "diff \"${PODS_PODFILE_DIR_PATH}/Podfile.lock\" \"${PODS_ROOT}/Manifest.lock\" > /dev/null\nif [ $? != 0 ] ; then\n    # print error to STDERR\n    echo \"error: The sandbox is not in sync with the Podfile.lock. Run 'pod install' or update your CocoaPods installation.\" >&2\n    exit 1\nfi\n# This output is used by Xcode 'outputs' to avoid re-running this script phase.\necho \"SUCCESS\" > \"${SCRIPT_OUTPUT_FILE_0}\"\n";
			showEnvVarsInLog = 0;
		};
/* End PBXShellScriptBuildPhase section */

/* Begin PBXSourcesBuildPhase section */
		10FC1A3E208958C700BEBAD6 /* Sources */ = {
			isa = PBXSourcesBuildPhase;
			buildActionMask = 2147483647;
			files = (
				103CFFED20AF092F004F753C /* DoubleExtension.swift in Sources */,
				103CFFEF20AF09D2004F753C /* Money.swift in Sources */,
				103CFFF120AF0B38004F753C /* TransactionCell.swift in Sources */,
				107676A0208BFB3600949B28 /* CreateAccountVC.swift in Sources */,
				1041B68B20A3DFBA0072C423 /* Account.swift in Sources */,
				103CFFEA20AF0540004F753C /* AccountCell.swift in Sources */,
				10FC1A752089630300BEBAD6 /* Store.swift in Sources */,
				10C8A1AB20A5C06B002FFCCF /* AccountVC.swift in Sources */,
				10FC1A46208958C700BEBAD6 /* AppDelegate.swift in Sources */,
				1016207020A47C55001BE2F3 /* AccountListVC.swift in Sources */,
				1041B68D20A3DFCA0072C423 /* Transaction.swift in Sources */,
				10A44E4D20A876A800029725 /* EditTransactionVC.swift in Sources */,
			);
			runOnlyForDeploymentPostprocessing = 0;
		};
		10FC1A55208958C900BEBAD6 /* Sources */ = {
			isa = PBXSourcesBuildPhase;
			buildActionMask = 2147483647;
			files = (
				10FC1A762089630300BEBAD6 /* Store.swift in Sources */,
				10FC1A5E208958C900BEBAD6 /* Balancing_ActTests.swift in Sources */,
			);
			runOnlyForDeploymentPostprocessing = 0;
		};
/* End PBXSourcesBuildPhase section */

/* Begin PBXTargetDependency section */
		10FC1A5B208958C900BEBAD6 /* PBXTargetDependency */ = {
			isa = PBXTargetDependency;
			target = 10FC1A41208958C700BEBAD6 /* Balancing Act */;
			targetProxy = 10FC1A5A208958C900BEBAD6 /* PBXContainerItemProxy */;
		};
/* End PBXTargetDependency section */

/* Begin PBXVariantGroup section */
		10FC1A49208958C700BEBAD6 /* Main.storyboard */ = {
			isa = PBXVariantGroup;
			children = (
				10FC1A4A208958C700BEBAD6 /* Base */,
			);
			name = Main.storyboard;
			sourceTree = "<group>";
		};
		10FC1A51208958C900BEBAD6 /* LaunchScreen.storyboard */ = {
			isa = PBXVariantGroup;
			children = (
				10FC1A52208958C900BEBAD6 /* Base */,
			);
			name = LaunchScreen.storyboard;
			sourceTree = "<group>";
		};
/* End PBXVariantGroup section */

/* Begin XCBuildConfiguration section */
		10FC1A60208958C900BEBAD6 /* Debug */ = {
			isa = XCBuildConfiguration;
			buildSettings = {
				ALWAYS_SEARCH_USER_PATHS = NO;
				CLANG_ANALYZER_NONNULL = YES;
				CLANG_ANALYZER_NUMBER_OBJECT_CONVERSION = YES_AGGRESSIVE;
				CLANG_CXX_LANGUAGE_STANDARD = "gnu++14";
				CLANG_CXX_LIBRARY = "libc++";
				CLANG_ENABLE_MODULES = YES;
				CLANG_ENABLE_OBJC_ARC = YES;
				CLANG_ENABLE_OBJC_WEAK = YES;
				CLANG_WARN_BLOCK_CAPTURE_AUTORELEASING = YES;
				CLANG_WARN_BOOL_CONVERSION = YES;
				CLANG_WARN_COMMA = YES;
				CLANG_WARN_CONSTANT_CONVERSION = YES;
				CLANG_WARN_DEPRECATED_OBJC_IMPLEMENTATIONS = YES;
				CLANG_WARN_DIRECT_OBJC_ISA_USAGE = YES_ERROR;
				CLANG_WARN_DOCUMENTATION_COMMENTS = YES;
				CLANG_WARN_EMPTY_BODY = YES;
				CLANG_WARN_ENUM_CONVERSION = YES;
				CLANG_WARN_INFINITE_RECURSION = YES;
				CLANG_WARN_INT_CONVERSION = YES;
				CLANG_WARN_NON_LITERAL_NULL_CONVERSION = YES;
				CLANG_WARN_OBJC_IMPLICIT_RETAIN_SELF = YES;
				CLANG_WARN_OBJC_LITERAL_CONVERSION = YES;
				CLANG_WARN_OBJC_ROOT_CLASS = YES_ERROR;
				CLANG_WARN_RANGE_LOOP_ANALYSIS = YES;
				CLANG_WARN_STRICT_PROTOTYPES = YES;
				CLANG_WARN_SUSPICIOUS_MOVE = YES;
				CLANG_WARN_UNGUARDED_AVAILABILITY = YES_AGGRESSIVE;
				CLANG_WARN_UNREACHABLE_CODE = YES;
				CLANG_WARN__DUPLICATE_METHOD_MATCH = YES;
				CODE_SIGN_IDENTITY = "iPhone Developer";
				COPY_PHASE_STRIP = NO;
				DEBUG_INFORMATION_FORMAT = dwarf;
				ENABLE_STRICT_OBJC_MSGSEND = YES;
				ENABLE_TESTABILITY = YES;
				GCC_C_LANGUAGE_STANDARD = gnu11;
				GCC_DYNAMIC_NO_PIC = NO;
				GCC_NO_COMMON_BLOCKS = YES;
				GCC_OPTIMIZATION_LEVEL = 0;
				GCC_PREPROCESSOR_DEFINITIONS = (
					"DEBUG=1",
					"$(inherited)",
				);
				GCC_WARN_64_TO_32_BIT_CONVERSION = YES;
				GCC_WARN_ABOUT_RETURN_TYPE = YES_ERROR;
				GCC_WARN_UNDECLARED_SELECTOR = YES;
				GCC_WARN_UNINITIALIZED_AUTOS = YES_AGGRESSIVE;
				GCC_WARN_UNUSED_FUNCTION = YES;
				GCC_WARN_UNUSED_VARIABLE = YES;
				IPHONEOS_DEPLOYMENT_TARGET = 11.3;
				MTL_ENABLE_DEBUG_INFO = YES;
				ONLY_ACTIVE_ARCH = YES;
				SDKROOT = iphoneos;
				SWIFT_ACTIVE_COMPILATION_CONDITIONS = DEBUG;
				SWIFT_OPTIMIZATION_LEVEL = "-Onone";
			};
			name = Debug;
		};
		10FC1A61208958C900BEBAD6 /* Release */ = {
			isa = XCBuildConfiguration;
			buildSettings = {
				ALWAYS_SEARCH_USER_PATHS = NO;
				CLANG_ANALYZER_NONNULL = YES;
				CLANG_ANALYZER_NUMBER_OBJECT_CONVERSION = YES_AGGRESSIVE;
				CLANG_CXX_LANGUAGE_STANDARD = "gnu++14";
				CLANG_CXX_LIBRARY = "libc++";
				CLANG_ENABLE_MODULES = YES;
				CLANG_ENABLE_OBJC_ARC = YES;
				CLANG_ENABLE_OBJC_WEAK = YES;
				CLANG_WARN_BLOCK_CAPTURE_AUTORELEASING = YES;
				CLANG_WARN_BOOL_CONVERSION = YES;
				CLANG_WARN_COMMA = YES;
				CLANG_WARN_CONSTANT_CONVERSION = YES;
				CLANG_WARN_DEPRECATED_OBJC_IMPLEMENTATIONS = YES;
				CLANG_WARN_DIRECT_OBJC_ISA_USAGE = YES_ERROR;
				CLANG_WARN_DOCUMENTATION_COMMENTS = YES;
				CLANG_WARN_EMPTY_BODY = YES;
				CLANG_WARN_ENUM_CONVERSION = YES;
				CLANG_WARN_INFINITE_RECURSION = YES;
				CLANG_WARN_INT_CONVERSION = YES;
				CLANG_WARN_NON_LITERAL_NULL_CONVERSION = YES;
				CLANG_WARN_OBJC_IMPLICIT_RETAIN_SELF = YES;
				CLANG_WARN_OBJC_LITERAL_CONVERSION = YES;
				CLANG_WARN_OBJC_ROOT_CLASS = YES_ERROR;
				CLANG_WARN_RANGE_LOOP_ANALYSIS = YES;
				CLANG_WARN_STRICT_PROTOTYPES = YES;
				CLANG_WARN_SUSPICIOUS_MOVE = YES;
				CLANG_WARN_UNGUARDED_AVAILABILITY = YES_AGGRESSIVE;
				CLANG_WARN_UNREACHABLE_CODE = YES;
				CLANG_WARN__DUPLICATE_METHOD_MATCH = YES;
				CODE_SIGN_IDENTITY = "iPhone Developer";
				COPY_PHASE_STRIP = NO;
				DEBUG_INFORMATION_FORMAT = "dwarf-with-dsym";
				ENABLE_NS_ASSERTIONS = NO;
				ENABLE_STRICT_OBJC_MSGSEND = YES;
				GCC_C_LANGUAGE_STANDARD = gnu11;
				GCC_NO_COMMON_BLOCKS = YES;
				GCC_WARN_64_TO_32_BIT_CONVERSION = YES;
				GCC_WARN_ABOUT_RETURN_TYPE = YES_ERROR;
				GCC_WARN_UNDECLARED_SELECTOR = YES;
				GCC_WARN_UNINITIALIZED_AUTOS = YES_AGGRESSIVE;
				GCC_WARN_UNUSED_FUNCTION = YES;
				GCC_WARN_UNUSED_VARIABLE = YES;
				IPHONEOS_DEPLOYMENT_TARGET = 11.3;
				MTL_ENABLE_DEBUG_INFO = NO;
				SDKROOT = iphoneos;
				SWIFT_COMPILATION_MODE = wholemodule;
				SWIFT_OPTIMIZATION_LEVEL = "-O";
				VALIDATE_PRODUCT = YES;
			};
			name = Release;
		};
		10FC1A63208958C900BEBAD6 /* Debug */ = {
			isa = XCBuildConfiguration;
			baseConfigurationReference = 326244584C54DD56378FA9DA /* Pods-Balancing Act.debug.xcconfig */;
			buildSettings = {
				ASSETCATALOG_COMPILER_APPICON_NAME = AppIcon;
				CODE_SIGN_STYLE = Automatic;
				DEVELOPMENT_TEAM = TFEDY5M56J;
				INFOPLIST_FILE = "Balancing Act/Info.plist";
				LD_RUNPATH_SEARCH_PATHS = (
					"$(inherited)",
					"@executable_path/Frameworks",
				);
				PRODUCT_BUNDLE_IDENTIFIER = "com.drewlanning.Balancing-Act";
				PRODUCT_NAME = "$(TARGET_NAME)";
				SWIFT_VERSION = 4.0;
				TARGETED_DEVICE_FAMILY = "1,2";
			};
			name = Debug;
		};
		10FC1A64208958C900BEBAD6 /* Release */ = {
			isa = XCBuildConfiguration;
			baseConfigurationReference = ADB70AB47021AB67B9491350 /* Pods-Balancing Act.release.xcconfig */;
			buildSettings = {
				ASSETCATALOG_COMPILER_APPICON_NAME = AppIcon;
				CODE_SIGN_STYLE = Automatic;
				DEVELOPMENT_TEAM = TFEDY5M56J;
				INFOPLIST_FILE = "Balancing Act/Info.plist";
				LD_RUNPATH_SEARCH_PATHS = (
					"$(inherited)",
					"@executable_path/Frameworks",
				);
				PRODUCT_BUNDLE_IDENTIFIER = "com.drewlanning.Balancing-Act";
				PRODUCT_NAME = "$(TARGET_NAME)";
				SWIFT_VERSION = 4.0;
				TARGETED_DEVICE_FAMILY = "1,2";
			};
			name = Release;
		};
		10FC1A66208958C900BEBAD6 /* Debug */ = {
			isa = XCBuildConfiguration;
			baseConfigurationReference = 4B037BD236073D15D353D43B /* Pods-Balancing ActTests.debug.xcconfig */;
			buildSettings = {
				ALWAYS_EMBED_SWIFT_STANDARD_LIBRARIES = YES;
				BUNDLE_LOADER = "$(TEST_HOST)";
				CODE_SIGN_STYLE = Automatic;
				DEVELOPMENT_TEAM = TFEDY5M56J;
				INFOPLIST_FILE = "Balancing ActTests/Info.plist";
				LD_RUNPATH_SEARCH_PATHS = (
					"$(inherited)",
					"@executable_path/Frameworks",
					"@loader_path/Frameworks",
				);
				PRODUCT_BUNDLE_IDENTIFIER = "com.drewlanning.Balancing-ActTests";
				PRODUCT_NAME = "$(TARGET_NAME)";
				SWIFT_VERSION = 4.0;
				TARGETED_DEVICE_FAMILY = "1,2";
				TEST_HOST = "$(BUILT_PRODUCTS_DIR)/Balancing Act.app/Balancing Act";
			};
			name = Debug;
		};
		10FC1A67208958C900BEBAD6 /* Release */ = {
			isa = XCBuildConfiguration;
			baseConfigurationReference = 3BE70A85257582DD88C234CC /* Pods-Balancing ActTests.release.xcconfig */;
			buildSettings = {
				ALWAYS_EMBED_SWIFT_STANDARD_LIBRARIES = YES;
				BUNDLE_LOADER = "$(TEST_HOST)";
				CODE_SIGN_STYLE = Automatic;
				DEVELOPMENT_TEAM = TFEDY5M56J;
				INFOPLIST_FILE = "Balancing ActTests/Info.plist";
				LD_RUNPATH_SEARCH_PATHS = (
					"$(inherited)",
					"@executable_path/Frameworks",
					"@loader_path/Frameworks",
				);
				PRODUCT_BUNDLE_IDENTIFIER = "com.drewlanning.Balancing-ActTests";
				PRODUCT_NAME = "$(TARGET_NAME)";
				SWIFT_VERSION = 4.0;
				TARGETED_DEVICE_FAMILY = "1,2";
				TEST_HOST = "$(BUILT_PRODUCTS_DIR)/Balancing Act.app/Balancing Act";
			};
			name = Release;
		};
/* End XCBuildConfiguration section */

/* Begin XCConfigurationList section */
		10FC1A3D208958C700BEBAD6 /* Build configuration list for PBXProject "Balancing Act" */ = {
			isa = XCConfigurationList;
			buildConfigurations = (
				10FC1A60208958C900BEBAD6 /* Debug */,
				10FC1A61208958C900BEBAD6 /* Release */,
			);
			defaultConfigurationIsVisible = 0;
			defaultConfigurationName = Release;
		};
		10FC1A62208958C900BEBAD6 /* Build configuration list for PBXNativeTarget "Balancing Act" */ = {
			isa = XCConfigurationList;
			buildConfigurations = (
				10FC1A63208958C900BEBAD6 /* Debug */,
				10FC1A64208958C900BEBAD6 /* Release */,
			);
			defaultConfigurationIsVisible = 0;
			defaultConfigurationName = Release;
		};
		10FC1A65208958C900BEBAD6 /* Build configuration list for PBXNativeTarget "Balancing ActTests" */ = {
			isa = XCConfigurationList;
			buildConfigurations = (
				10FC1A66208958C900BEBAD6 /* Debug */,
				10FC1A67208958C900BEBAD6 /* Release */,
			);
			defaultConfigurationIsVisible = 0;
			defaultConfigurationName = Release;
		};
/* End XCConfigurationList section */
	};
	rootObject = 10FC1A3A208958C700BEBAD6 /* Project object */;
}
